// !$*UTF8*$!
{
	archiveVersion = 1;
	classes = {
	};
	objectVersion = 50;
	objects = {

/* Begin PBXBuildFile section */
		387A294A2292A41B00663D64 /* AppDelegate.swift in Sources */ = {isa = PBXBuildFile; fileRef = 387A29492292A41B00663D64 /* AppDelegate.swift */; };
		387A294C2292A41B00663D64 /* ViewController.swift in Sources */ = {isa = PBXBuildFile; fileRef = 387A294B2292A41B00663D64 /* ViewController.swift */; };
		387A294F2292A41B00663D64 /* Main.storyboard in Resources */ = {isa = PBXBuildFile; fileRef = 387A294D2292A41B00663D64 /* Main.storyboard */; };
		387A29512292A41C00663D64 /* Assets.xcassets in Resources */ = {isa = PBXBuildFile; fileRef = 387A29502292A41C00663D64 /* Assets.xcassets */; };
		387A29542292A41C00663D64 /* LaunchScreen.storyboard in Resources */ = {isa = PBXBuildFile; fileRef = 387A29522292A41C00663D64 /* LaunchScreen.storyboard */; };
		A7B0ACCEDFBF02B46948ECDD /* Pods_ObjectMapper_Ex.framework in Frameworks */ = {isa = PBXBuildFile; fileRef = 1E571AA5925624B940314BB4 /* Pods_ObjectMapper_Ex.framework */; };
/* End PBXBuildFile section */

/* Begin PBXFileReference section */
		1E571AA5925624B940314BB4 /* Pods_ObjectMapper_Ex.framework */ = {isa = PBXFileReference; explicitFileType = wrapper.framework; includeInIndex = 0; path = Pods_ObjectMapper_Ex.framework; sourceTree = BUILT_PRODUCTS_DIR; };
		368E6155E004424F72224184 /* Pods-ObjectMapper_Ex.debug.xcconfig */ = {isa = PBXFileReference; includeInIndex = 1; lastKnownFileType = text.xcconfig; name = "Pods-ObjectMapper_Ex.debug.xcconfig"; path = "Pods/Target Support Files/Pods-ObjectMapper_Ex/Pods-ObjectMapper_Ex.debug.xcconfig"; sourceTree = "<group>"; };
		380246192292B0F900530B89 /* MyPlayground.playground */ = {isa = PBXFileReference; lastKnownFileType = file.playground; path = MyPlayground.playground; sourceTree = "<group>"; xcLanguageSpecificationIdentifier = xcode.lang.swift; };
		387A29462292A41B00663D64 /* ObjectMapper_Ex.app */ = {isa = PBXFileReference; explicitFileType = wrapper.application; includeInIndex = 0; path = ObjectMapper_Ex.app; sourceTree = BUILT_PRODUCTS_DIR; };
		387A29492292A41B00663D64 /* AppDelegate.swift */ = {isa = PBXFileReference; lastKnownFileType = sourcecode.swift; path = AppDelegate.swift; sourceTree = "<group>"; };
		387A294B2292A41B00663D64 /* ViewController.swift */ = {isa = PBXFileReference; lastKnownFileType = sourcecode.swift; path = ViewController.swift; sourceTree = "<group>"; };
		387A294E2292A41B00663D64 /* Base */ = {isa = PBXFileReference; lastKnownFileType = file.storyboard; name = Base; path = Base.lproj/Main.storyboard; sourceTree = "<group>"; };
		387A29502292A41C00663D64 /* Assets.xcassets */ = {isa = PBXFileReference; lastKnownFileType = folder.assetcatalog; path = Assets.xcassets; sourceTree = "<group>"; };
		387A29532292A41C00663D64 /* Base */ = {isa = PBXFileReference; lastKnownFileType = file.storyboard; name = Base; path = Base.lproj/LaunchScreen.storyboard; sourceTree = "<group>"; };
		387A29552292A41C00663D64 /* Info.plist */ = {isa = PBXFileReference; lastKnownFileType = text.plist.xml; path = Info.plist; sourceTree = "<group>"; };
		3C487BC0B8D25F8D4E850576 /* Pods-ObjectMapper_Ex.release.xcconfig */ = {isa = PBXFileReference; includeInIndex = 1; lastKnownFileType = text.xcconfig; name = "Pods-ObjectMapper_Ex.release.xcconfig"; path = "Pods/Target Support Files/Pods-ObjectMapper_Ex/Pods-ObjectMapper_Ex.release.xcconfig"; sourceTree = "<group>"; };
/* End PBXFileReference section */

/* Begin PBXFrameworksBuildPhase section */
		387A29432292A41B00663D64 /* Frameworks */ = {
			isa = PBXFrameworksBuildPhase;
			buildActionMask = 2147483647;
			files = (
				A7B0ACCEDFBF02B46948ECDD /* Pods_ObjectMapper_Ex.framework in Frameworks */,
			);
			runOnlyForDeploymentPostprocessing = 0;
		};
/* End PBXFrameworksBuildPhase section */

/* Begin PBXGroup section */
		05B64E6EA5325950B634B245 /* Pods */ = {
			isa = PBXGroup;
			children = (
				368E6155E004424F72224184 /* Pods-ObjectMapper_Ex.debug.xcconfig */,
				3C487BC0B8D25F8D4E850576 /* Pods-ObjectMapper_Ex.release.xcconfig */,
			);
			name = Pods;
			sourceTree = "<group>";
		};
		387A293D2292A41B00663D64 = {
			isa = PBXGroup;
			children = (
				380246192292B0F900530B89 /* MyPlayground.playground */,
				387A29482292A41B00663D64 /* ObjectMapper_Ex */,
				387A29472292A41B00663D64 /* Products */,
				05B64E6EA5325950B634B245 /* Pods */,
				54E0592DBE21310B5038C551 /* Frameworks */,
			);
			sourceTree = "<group>";
		};
		387A29472292A41B00663D64 /* Products */ = {
			isa = PBXGroup;
			children = (
				387A29462292A41B00663D64 /* ObjectMapper_Ex.app */,
			);
			name = Products;
			sourceTree = "<group>";
		};
		387A29482292A41B00663D64 /* ObjectMapper_Ex */ = {
			isa = PBXGroup;
			children = (
				387A29492292A41B00663D64 /* AppDelegate.swift */,
				387A294B2292A41B00663D64 /* ViewController.swift */,
				387A294D2292A41B00663D64 /* Main.storyboard */,
				387A29502292A41C00663D64 /* Assets.xcassets */,
				387A29522292A41C00663D64 /* LaunchScreen.storyboard */,
				387A29552292A41C00663D64 /* Info.plist */,
			);
			path = ObjectMapper_Ex;
			sourceTree = "<group>";
		};
		54E0592DBE21310B5038C551 /* Frameworks */ = {
			isa = PBXGroup;
			children = (
				1E571AA5925624B940314BB4 /* Pods_ObjectMapper_Ex.framework */,
			);
			name = Frameworks;
			sourceTree = "<group>";
		};
/* End PBXGroup section */

/* Begin PBXNativeTarget section */
		387A29452292A41B00663D64 /* ObjectMapper_Ex */ = {
			isa = PBXNativeTarget;
			buildConfigurationList = 387A29582292A41C00663D64 /* Build configuration list for PBXNativeTarget "ObjectMapper_Ex" */;
			buildPhases = (
				151813CBFE1A312EF33CAA1B /* [CP] Check Pods Manifest.lock */,
				387A29422292A41B00663D64 /* Sources */,
				387A29432292A41B00663D64 /* Frameworks */,
				387A29442292A41B00663D64 /* Resources */,
				E7C3051667C23DEB46FA92D5 /* [CP] Embed Pods Frameworks */,
			);
			buildRules = (
			);
			dependencies = (
			);
			name = ObjectMapper_Ex;
			productName = ObjectMapper_Ex;
			productReference = 387A29462292A41B00663D64 /* ObjectMapper_Ex.app */;
			productType = "com.apple.product-type.application";
		};
/* End PBXNativeTarget section */

/* Begin PBXProject section */
		387A293E2292A41B00663D64 /* Project object */ = {
			isa = PBXProject;
			attributes = {
				LastSwiftUpdateCheck = 1020;
				LastUpgradeCheck = 1020;
				ORGANIZATIONNAME = Tima;
				TargetAttributes = {
					387A29452292A41B00663D64 = {
						CreatedOnToolsVersion = 10.2.1;
					};
				};
			};
			buildConfigurationList = 387A29412292A41B00663D64 /* Build configuration list for PBXProject "ObjectMapper_Ex" */;
			compatibilityVersion = "Xcode 9.3";
			developmentRegion = en;
			hasScannedForEncodings = 0;
			knownRegions = (
				en,
				Base,
			);
			mainGroup = 387A293D2292A41B00663D64;
			productRefGroup = 387A29472292A41B00663D64 /* Products */;
			projectDirPath = "";
			projectRoot = "";
			targets = (
				387A29452292A41B00663D64 /* ObjectMapper_Ex */,
			);
		};
/* End PBXProject section */

/* Begin PBXResourcesBuildPhase section */
		387A29442292A41B00663D64 /* Resources */ = {
			isa = PBXResourcesBuildPhase;
			buildActionMask = 2147483647;
			files = (
				387A29542292A41C00663D64 /* LaunchScreen.storyboard in Resources */,
				387A29512292A41C00663D64 /* Assets.xcassets in Resources */,
				387A294F2292A41B00663D64 /* Main.storyboard in Resources */,
			);
			runOnlyForDeploymentPostprocessing = 0;
		};
/* End PBXResourcesBuildPhase section */

/* Begin PBXShellScriptBuildPhase section */
		151813CBFE1A312EF33CAA1B /* [CP] Check Pods Manifest.lock */ = {
			isa = PBXShellScriptBuildPhase;
			buildActionMask = 2147483647;
			files = (
			);
			inputFileListPaths = (
			);
			inputPaths = (
				"${PODS_PODFILE_DIR_PATH}/Podfile.lock",
				"${PODS_ROOT}/Manifest.lock",
			);
			name = "[CP] Check Pods Manifest.lock";
			outputFileListPaths = (
			);
			outputPaths = (
				"$(DERIVED_FILE_DIR)/Pods-ObjectMapper_Ex-checkManifestLockResult.txt",
			);
			runOnlyForDeploymentPostprocessing = 0;
			shellPath = /bin/sh;
			shellScript = "diff \"${PODS_PODFILE_DIR_PATH}/Podfile.lock\" \"${PODS_ROOT}/Manifest.lock\" > /dev/null\nif [ $? != 0 ] ; then\n    # print error to STDERR\n    echo \"error: The sandbox is not in sync with the Podfile.lock. Run 'pod install' or update your CocoaPods installation.\" >&2\n    exit 1\nfi\n# This output is used by Xcode 'outputs' to avoid re-running this script phase.\necho \"SUCCESS\" > \"${SCRIPT_OUTPUT_FILE_0}\"\n";
			showEnvVarsInLog = 0;
		};
		E7C3051667C23DEB46FA92D5 /* [CP] Embed Pods Frameworks */ = {
			isa = PBXShellScriptBuildPhase;
			buildActionMask = 2147483647;
			files = (
			);
			inputFileListPaths = (
			);
			inputPaths = (
				"${SRCROOT}/Pods/Target Support Files/Pods-ObjectMapper_Ex/Pods-ObjectMapper_Ex-frameworks.sh",
				"${BUILT_PRODUCTS_DIR}/ObjectMapper/ObjectMapper.framework",
			);
			name = "[CP] Embed Pods Frameworks";
			outputFileListPaths = (
			);
			outputPaths = (
				"${TARGET_BUILD_DIR}/${FRAMEWORKS_FOLDER_PATH}/ObjectMapper.framework",
			);
			runOnlyForDeploymentPostprocessing = 0;
			shellPath = /bin/sh;
			shellScript = "\"${SRCROOT}/Pods/Target Support Files/Pods-ObjectMapper_Ex/Pods-ObjectMapper_Ex-frameworks.sh\"\n";
			showEnvVarsInLog = 0;
		};
/* End PBXShellScriptBuildPhase section */

/* Begin PBXSourcesBuildPhase section */
		387A29422292A41B00663D64 /* Sources */ = {
			isa = PBXSourcesBuildPhase;
			buildActionMask = 2147483647;
			files = (
				387A294C2292A41B00663D64 /* ViewController.swift in Sources */,
				387A294A2292A41B00663D64 /* AppDelegate.swift in Sources */,
			);
			runOnlyForDeploymentPostprocessing = 0;
		};
/* End PBXSourcesBuildPhase section */

/* Begin PBXVariantGroup section */
		387A294D2292A41B00663D64 /* Main.storyboard */ = {
			isa = PBXVariantGroup;
			children = (
				387A294E2292A41B00663D64 /* Base */,
			);
			name = Main.storyboard;
			sourceTree = "<group>";
		};
		387A29522292A41C00663D64 /* LaunchScreen.storyboard */ = {
			isa = PBXVariantGroup;
			children = (
				387A29532292A41C00663D64 /* Base */,
			);
			name = LaunchScreen.storyboard;
			sourceTree = "<group>";
		};
/* End PBXVariantGroup section */

/* Begin XCBuildConfiguration section */
		387A29562292A41C00663D64 /* Debug */ = {
			isa = XCBuildConfiguration;
			buildSettings = {
				ALWAYS_SEARCH_USER_PATHS = NO;
				CLANG_ANALYZER_NONNULL = YES;
				CLANG_ANALYZER_NUMBER_OBJECT_CONVERSION = YES_AGGRESSIVE;
				CLANG_CXX_LANGUAGE_STANDARD = "gnu++14";
				CLANG_CXX_LIBRARY = "libc++";
				CLANG_ENABLE_MODULES = YES;
				CLANG_ENABLE_OBJC_ARC = YES;
				CLANG_ENABLE_OBJC_WEAK = YES;
				CLANG_WARN_BLOCK_CAPTURE_AUTORELEASING = YES;
				CLANG_WARN_BOOL_CONVERSION = YES;
				CLANG_WARN_COMMA = YES;
				CLANG_WARN_CONSTANT_CONVERSION = YES;
				CLANG_WARN_DEPRECATED_OBJC_IMPLEMENTATIONS = YES;
				CLANG_WARN_DIRECT_OBJC_ISA_USAGE = YES_ERROR;
				CLANG_WARN_DOCUMENTATION_COMMENTS = YES;
				CLANG_WARN_EMPTY_BODY = YES;
				CLANG_WARN_ENUM_CONVERSION = YES;
				CLANG_WARN_INFINITE_RECURSION = YES;
				CLANG_WARN_INT_CONVERSION = YES;
				CLANG_WARN_NON_LITERAL_NULL_CONVERSION = YES;
				CLANG_WARN_OBJC_IMPLICIT_RETAIN_SELF = YES;
				CLANG_WARN_OBJC_LITERAL_CONVERSION = YES;
				CLANG_WARN_OBJC_ROOT_CLASS = YES_ERROR;
				CLANG_WARN_RANGE_LOOP_ANALYSIS = YES;
				CLANG_WARN_STRICT_PROTOTYPES = YES;
				CLANG_WARN_SUSPICIOUS_MOVE = YES;
				CLANG_WARN_UNGUARDED_AVAILABILITY = YES_AGGRESSIVE;
				CLANG_WARN_UNREACHABLE_CODE = YES;
				CLANG_WARN__DUPLICATE_METHOD_MATCH = YES;
				CODE_SIGN_IDENTITY = "iPhone Developer";
				COPY_PHASE_STRIP = NO;
				DEBUG_INFORMATION_FORMAT = dwarf;
				ENABLE_STRICT_OBJC_MSGSEND = YES;
				ENABLE_TESTABILITY = YES;
				GCC_C_LANGUAGE_STANDARD = gnu11;
				GCC_DYNAMIC_NO_PIC = NO;
				GCC_NO_COMMON_BLOCKS = YES;
				GCC_OPTIMIZATION_LEVEL = 0;
				GCC_PREPROCESSOR_DEFINITIONS = (
					"DEBUG=1",
					"$(inherited)",
				);
				GCC_WARN_64_TO_32_BIT_CONVERSION = YES;
				GCC_WARN_ABOUT_RETURN_TYPE = YES_ERROR;
				GCC_WARN_UNDECLARED_SELECTOR = YES;
				GCC_WARN_UNINITIALIZED_AUTOS = YES_AGGRESSIVE;
				GCC_WARN_UNUSED_FUNCTION = YES;
				GCC_WARN_UNUSED_VARIABLE = YES;
				IPHONEOS_DEPLOYMENT_TARGET = 12.2;
				MTL_ENABLE_DEBUG_INFO = INCLUDE_SOURCE;
				MTL_FAST_MATH = YES;
				ONLY_ACTIVE_ARCH = YES;
				SDKROOT = iphoneos;
				SWIFT_ACTIVE_COMPILATION_CONDITIONS = DEBUG;
				SWIFT_OPTIMIZATION_LEVEL = "-Onone";
			};
			name = Debug;
		};
		387A29572292A41C00663D64 /* Release */ = {
			isa = XCBuildConfiguration;
			buildSettings = {
				ALWAYS_SEARCH_USER_PATHS = NO;
				CLANG_ANALYZER_NONNULL = YES;
				CLANG_ANALYZER_NUMBER_OBJECT_CONVERSION = YES_AGGRESSIVE;
				CLANG_CXX_LANGUAGE_STANDARD = "gnu++14";
				CLANG_CXX_LIBRARY = "libc++";
				CLANG_ENABLE_MODULES = YES;
				CLANG_ENABLE_OBJC_ARC = YES;
				CLANG_ENABLE_OBJC_WEAK = YES;
				CLANG_WARN_BLOCK_CAPTURE_AUTORELEASING = YES;
				CLANG_WARN_BOOL_CONVERSION = YES;
				CLANG_WARN_COMMA = YES;
				CLANG_WARN_CONSTANT_CONVERSION = YES;
				CLANG_WARN_DEPRECATED_OBJC_IMPLEMENTATIONS = YES;
				CLANG_WARN_DIRECT_OBJC_ISA_USAGE = YES_ERROR;
				CLANG_WARN_DOCUMENTATION_COMMENTS = YES;
				CLANG_WARN_EMPTY_BODY = YES;
				CLANG_WARN_ENUM_CONVERSION = YES;
				CLANG_WARN_INFINITE_RECURSION = YES;
				CLANG_WARN_INT_CONVERSION = YES;
				CLANG_WARN_NON_LITERAL_NULL_CONVERSION = YES;
				CLANG_WARN_OBJC_IMPLICIT_RETAIN_SELF = YES;
				CLANG_WARN_OBJC_LITERAL_CONVERSION = YES;
				CLANG_WARN_OBJC_ROOT_CLASS = YES_ERROR;
				CLANG_WARN_RANGE_LOOP_ANALYSIS = YES;
				CLANG_WARN_STRICT_PROTOTYPES = YES;
				CLANG_WARN_SUSPICIOUS_MOVE = YES;
				CLANG_WARN_UNGUARDED_AVAILABILITY = YES_AGGRESSIVE;
				CLANG_WARN_UNREACHABLE_CODE = YES;
				CLANG_WARN__DUPLICATE_METHOD_MATCH = YES;
				CODE_SIGN_IDENTITY = "iPhone Developer";
				COPY_PHASE_STRIP = NO;
				DEBUG_INFORMATION_FORMAT = "dwarf-with-dsym";
				ENABLE_NS_ASSERTIONS = NO;
				ENABLE_STRICT_OBJC_MSGSEND = YES;
				GCC_C_LANGUAGE_STANDARD = gnu11;
				GCC_NO_COMMON_BLOCKS = YES;
				GCC_WARN_64_TO_32_BIT_CONVERSION = YES;
				GCC_WARN_ABOUT_RETURN_TYPE = YES_ERROR;
				GCC_WARN_UNDECLARED_SELECTOR = YES;
				GCC_WARN_UNINITIALIZED_AUTOS = YES_AGGRESSIVE;
				GCC_WARN_UNUSED_FUNCTION = YES;
				GCC_WARN_UNUSED_VARIABLE = YES;
				IPHONEOS_DEPLOYMENT_TARGET = 12.2;
				MTL_ENABLE_DEBUG_INFO = NO;
				MTL_FAST_MATH = YES;
				SDKROOT = iphoneos;
				SWIFT_COMPILATION_MODE = wholemodule;
				SWIFT_OPTIMIZATION_LEVEL = "-O";
				VALIDATE_PRODUCT = YES;
			};
			name = Release;
		};
		387A29592292A41C00663D64 /* Debug */ = {
			isa = XCBuildConfiguration;
			baseConfigurationReference = 368E6155E004424F72224184 /* Pods-ObjectMapper_Ex.debug.xcconfig */;
			buildSettings = {
				ASSETCATALOG_COMPILER_APPICON_NAME = AppIcon;
				CODE_SIGN_STYLE = Automatic;
				DEVELOPMENT_TEAM = R86UW7Z2FX;
				INFOPLIST_FILE = ObjectMapper_Ex/Info.plist;
				LD_RUNPATH_SEARCH_PATHS = (
					"$(inherited)",
					"@executable_path/Frameworks",
				);
				PRODUCT_BUNDLE_IDENTIFIER = "com.timanetworks.ObjectMapper-Ex";
				PRODUCT_NAME = "$(TARGET_NAME)";
				SWIFT_VERSION = 5.0;
				TARGETED_DEVICE_FAMILY = "1,2";
			};
			name = Debug;
		};
		387A295A2292A41C00663D64 /* Release */ = {
			isa = XCBuildConfiguration;
			baseConfigurationReference = 3C487BC0B8D25F8D4E850576 /* Pods-ObjectMapper_Ex.release.xcconfig */;
			buildSettings = {
				ASSETCATALOG_COMPILER_APPICON_NAME = AppIcon;
				CODE_SIGN_STYLE = Automatic;
				DEVELOPMENT_TEAM = R86UW7Z2FX;
				INFOPLIST_FILE = ObjectMapper_Ex/Info.plist;
				LD_RUNPATH_SEARCH_PATHS = (
					"$(inherited)",
					"@executable_path/Frameworks",
				);
				PRODUCT_BUNDLE_IDENTIFIER = "com.timanetworks.ObjectMapper-Ex";
				PRODUCT_NAME = "$(TARGET_NAME)";
				SWIFT_VERSION = 5.0;
				TARGETED_DEVICE_FAMILY = "1,2";
			};
			name = Release;
		};
/* End XCBuildConfiguration section */

/* Begin XCConfigurationList section */
		387A29412292A41B00663D64 /* Build configuration list for PBXProject "ObjectMapper_Ex" */ = {
			isa = XCConfigurationList;
			buildConfigurations = (
				387A29562292A41C00663D64 /* Debug */,
				387A29572292A41C00663D64 /* Release */,
			);
			defaultConfigurationIsVisible = 0;
			defaultConfigurationName = Release;
		};
		387A29582292A41C00663D64 /* Build configuration list for PBXNativeTarget "ObjectMapper_Ex" */ = {
			isa = XCConfigurationList;
			buildConfigurations = (
				387A29592292A41C00663D64 /* Debug */,
				387A295A2292A41C00663D64 /* Release */,
			);
			defaultConfigurationIsVisible = 0;
			defaultConfigurationName = Release;
		};
/* End XCConfigurationList section */
	};
	rootObject = 387A293E2292A41B00663D64 /* Project object */;
}
